<?xml version="1.0" encoding="utf-8"?>
<Project ToolsVersion="4.0" xmlns="http://schemas.microsoft.com/developer/msbuild/2003">
  <ItemGroup>
    <Filter Include="Source Files">
      <UniqueIdentifier>{b02208f0-a975-451a-860b-48f5d732f4fd}</UniqueIdentifier>
      <Extensions>cpp;c;cxx;rc;def;r;odl;idl;hpj;bat</Extensions>
    </Filter>
    <Filter Include="Header Files">
      <UniqueIdentifier>{57b3f251-ce50-47bb-9508-9236b49c2c03}</UniqueIdentifier>
      <Extensions>h;hpp;hxx;hm;inl</Extensions>
    </Filter>
    <Filter Include="Resource Files">
      <UniqueIdentifier>{f48660f2-98cd-4c68-a4e9-ce7ea3c26919}</UniqueIdentifier>
      <Extensions>ico;cur;bmp;dlg;rc2;rct;bin;rgs;gif;jpg;jpeg;jpe</Extensions>
    </Filter>
  </ItemGroup>
  <ItemGroup>
    <ClCompile Include="cAStar.cpp">
      <Filter>Source Files</Filter>
    </ClCompile>
    <ClCompile Include="cCritter.cpp">
      <Filter>Source Files</Filter>
    </ClCompile>
    <ClCompile Include="cGame.cpp">
      <Filter>Source Files</Filter>
    </ClCompile>
    <ClCompile Include="cGraphicsLayer.cpp">
      <Filter>Source Files</Filter>
    </ClCompile>
    <ClCompile Include="cInputLayer.cpp">
      <Filter>Source Files</Filter>
    </ClCompile>
    <ClCompile Include="cKeyboard.cpp">
      <Filter>Source Files</Filter>
    </ClCompile>
    <ClCompile Include="cLog.cpp">
      <Filter>Source Files</Filter>
    </ClCompile>
    <ClCompile Include="cMouse.cpp">
      <Filter>Source Files</Filter>
    </ClCompile>
    <ClCompile Include="cPath.cpp">
      <Filter>Source Files</Filter>
    </ClCompile>
    <ClCompile Include="cScene.cpp">
      <Filter>Source Files</Filter>
    </ClCompile>
    <ClCompile Include="cSkeleton.cpp">
      <Filter>Source Files</Filter>
    </ClCompile>
    <ClCompile Include="cTrajectory.cpp">
      <Filter>Source Files</Filter>
    </ClCompile>
    <ClCompile Include="Win32Main.cpp">
      <Filter>Source Files</Filter>
    </ClCompile>
  </ItemGroup>
  <ItemGroup>
    <ClInclude Include="cAStar.h">
      <Filter>Header Files</Filter>
    </ClInclude>
    <ClInclude Include="cCritter.h">
      <Filter>Header Files</Filter>
    </ClInclude>
    <ClInclude Include="cGame.h">
      <Filter>Header Files</Filter>
    </ClInclude>
    <ClInclude Include="cGraphicsLayer.h">
      <Filter>Header Files</Filter>
    </ClInclude>
    <ClInclude Include="cInputLayer.h">
      <Filter>Header Files</Filter>
    </ClInclude>
    <ClInclude Include="cKeyboard.h">
      <Filter>Header Files</Filter>
    </ClInclude>
    <ClInclude Include="cLog.h">
      <Filter>Header Files</Filter>
    </ClInclude>
    <ClInclude Include="cMouse.h">
      <Filter>Header Files</Filter>
    </ClInclude>
    <ClInclude Include="cPath.h">
      <Filter>Header Files</Filter>
    </ClInclude>
    <ClInclude Include="cScene.h">
      <Filter>Header Files</Filter>
    </ClInclude>
    <ClInclude Include="cSkeleton.h">
      <Filter>Header Files</Filter>
    </ClInclude>
    <ClInclude Include="cTrajectory.h">
      <Filter>Header Files</Filter>
    </ClInclude>
  </ItemGroup>
</Project>