<?xml version="1.0" encoding="utf-8"?>
<Project ToolsVersion="4.0" xmlns="http://schemas.microsoft.com/developer/msbuild/2003">
  <ItemGroup>
    <Filter Include="Source Files">
      <UniqueIdentifier>{bbcceaa0-9df0-4730-b282-5bcda29417ff}</UniqueIdentifier>
      <Extensions>cpp;c;cxx;rc;def;r;odl;idl;hpj;bat</Extensions>
    </Filter>
    <Filter Include="Header Files">
      <UniqueIdentifier>{06fb7048-9f5c-41c6-b3be-658cc3b3a119}</UniqueIdentifier>
      <Extensions>h;hpp;hxx;hm;inl</Extensions>
    </Filter>
    <Filter Include="Resource Files">
      <UniqueIdentifier>{0a95c735-7fef-47d4-8a23-74b6b1487440}</UniqueIdentifier>
      <Extensions>ico;cur;bmp;dlg;rc2;rct;bin;rgs;gif;jpg;jpeg;jpe</Extensions>
    </Filter>
  </ItemGroup>
  <ItemGroup>
    <ClCompile Include="cAStar.cpp">
      <Filter>Source Files</Filter>
    </ClCompile>
    <ClCompile Include="cCritter.cpp">
      <Filter>Source Files</Filter>
    </ClCompile>
    <ClCompile Include="cGame.cpp">
      <Filter>Source Files</Filter>
    </ClCompile>
    <ClCompile Include="cGraphicsLayer.cpp">
      <Filter>Source Files</Filter>
    </ClCompile>
    <ClCompile Include="cInputLayer.cpp">
      <Filter>Source Files</Filter>
    </ClCompile>
    <ClCompile Include="cKeyboard.cpp">
      <Filter>Source Files</Filter>
    </ClCompile>
    <ClCompile Include="cLog.cpp">
      <Filter>Source Files</Filter>
    </ClCompile>
    <ClCompile Include="cMouse.cpp">
      <Filter>Source Files</Filter>
    </ClCompile>
    <ClCompile Include="cPath.cpp">
      <Filter>Source Files</Filter>
    </ClCompile>
    <ClCompile Include="cScene.cpp">
      <Filter>Source Files</Filter>
    </ClCompile>
    <ClCompile Include="cSkeleton.cpp">
      <Filter>Source Files</Filter>
    </ClCompile>
    <ClCompile Include="cTrajectory.cpp">
      <Filter>Source Files</Filter>
    </ClCompile>
    <ClCompile Include="Win32Main.cpp">
      <Filter>Source Files</Filter>
    </ClCompile>
  </ItemGroup>
  <ItemGroup>
    <ClInclude Include="cAStar.h">
      <Filter>Header Files</Filter>
    </ClInclude>
    <ClInclude Include="cCritter.h">
      <Filter>Header Files</Filter>
    </ClInclude>
    <ClInclude Include="cGame.h">
      <Filter>Header Files</Filter>
    </ClInclude>
    <ClInclude Include="cGraphicsLayer.h">
      <Filter>Header Files</Filter>
    </ClInclude>
    <ClInclude Include="cInputLayer.h">
      <Filter>Header Files</Filter>
    </ClInclude>
    <ClInclude Include="cKeyboard.h">
      <Filter>Header Files</Filter>
    </ClInclude>
    <ClInclude Include="cLog.h">
      <Filter>Header Files</Filter>
    </ClInclude>
    <ClInclude Include="cMouse.h">
      <Filter>Header Files</Filter>
    </ClInclude>
    <ClInclude Include="cPath.h">
      <Filter>Header Files</Filter>
    </ClInclude>
    <ClInclude Include="cScene.h">
      <Filter>Header Files</Filter>
    </ClInclude>
    <ClInclude Include="cSkeleton.h">
      <Filter>Header Files</Filter>
    </ClInclude>
    <ClInclude Include="cTrajectory.h">
      <Filter>Header Files</Filter>
    </ClInclude>
  </ItemGroup>
</Project>